
Microsoft Visual Studio Solution File, Format Version 12.00
# Visual Studio Version 17
VisualStudioVersion = 17.8.34511.84
MinimumVisualStudioVersion = 10.0.40219.1
Project("{FAE04EC0-301F-11D3-BF4B-00C04F79EFBC}") = "WpfAppProjekty", "WpfAppProjekty.csproj", "{5CB3F23C-9686-4B9A-BB4D-2AF7961948E0}"
EndProject
Global
	GlobalSection(SolutionConfigurationPlatforms) = preSolution
		Debug|Any CPU = Debug|Any CPU
		Release|Any CPU = Release|Any CPU
	EndGlobalSection
	GlobalSection(ProjectConfigurationPlatforms) = postSolution
		{5CB3F23C-9686-4B9A-BB4D-2AF7961948E0}.Debug|Any CPU.ActiveCfg = Debug|Any CPU
		{5CB3F23C-9686-4B9A-BB4D-2AF7961948E0}.Debug|Any CPU.Build.0 = Debug|Any CPU
		{5CB3F23C-9686-4B9A-BB4D-2AF7961948E0}.Release|Any CPU.ActiveCfg = Release|Any CPU
		{5CB3F23C-9686-4B9A-BB4D-2AF7961948E0}.Release|Any CPU.Build.0 = Release|Any CPU
	EndGlobalSection
	GlobalSection(SolutionProperties) = preSolution
		HideSolutionNode = FALSE
	EndGlobalSection
	GlobalSection(ExtensibilityGlobals) = postSolution
		SolutionGuid = {8D45AEE3-FE9F-4669-AD22-25D281092CF0}
	EndGlobalSection
EndGlobal
